
Microsoft Visual Studio Solution File, Format Version 12.00
# Visual Studio Version 17
VisualStudioVersion = 17.11.35327.3
MinimumVisualStudioVersion = 10.0.40219.1
Project("{FAE04EC0-301F-11D3-BF4B-00C04F79EFBC}") = "PR77777", "PR77777.csproj", "{5326E076-54B5-452B-84F4-FB6314B90329}"
EndProject
Global
	GlobalSection(SolutionConfigurationPlatforms) = preSolution
		Debug|Any CPU = Debug|Any CPU
		Release|Any CPU = Release|Any CPU
	EndGlobalSection
	GlobalSection(ProjectConfigurationPlatforms) = postSolution
		{5326E076-54B5-452B-84F4-FB6314B90329}.Debug|Any CPU.ActiveCfg = Debug|Any CPU
		{5326E076-54B5-452B-84F4-FB6314B90329}.Debug|Any CPU.Build.0 = Debug|Any CPU
		{5326E076-54B5-452B-84F4-FB6314B90329}.Release|Any CPU.ActiveCfg = Release|Any CPU
		{5326E076-54B5-452B-84F4-FB6314B90329}.Release|Any CPU.Build.0 = Release|Any CPU
	EndGlobalSection
	GlobalSection(SolutionProperties) = preSolution
		HideSolutionNode = FALSE
	EndGlobalSection
	GlobalSection(ExtensibilityGlobals) = postSolution
		SolutionGuid = {395F2E74-2725-44B8-8DD8-07B55A75F027}
	EndGlobalSection
EndGlobal
